github.com/antchfx/xpath v1.3.6 h1:s0y+ElRRtTQdfHP609qFu0+c6bglDv20pqOViQjjdPI=
github.com/antchfx/xpath v1.3.6/go.mod h1:i54GszH55fYfBmoZXapTHN8T8tkcHfRgLyVwwqzXNcs=
github.com/cockroachdb/apd/v3 v3.2.3 h1:4Zx+I3R35bFXMnltzmjP79i2cravE4jTRL6ps9Aux80=
github.com/cockroachdb/apd/v3 v3.2.3/go.mod h1:klXJcjp+FffLTHlhIG69tezTDvdP065naDsHzKhYSqc=
github.com/creack/pty v1.1.24 h1:bJrF4RRfyJnbTJqzRLHzcGaZK1NeM5kTC9jGgovnR1s=
github.com/creack/pty v1.1.24/go.mod h1:08sCNb52WyoAwi2QDyzUCTgcvVFhUzewun7wtTfvcwE=
github.com/dustin/go-humanize v1.0.1 h1:GzkhY7T5VNhEkwH0PVJgjz+fX1rhBrR7pRT3mDkpeCY=
github.com/dustin/go-humanize v1.0.1/go.mod h1:Mu1zIs6XwVuF/gI1OepvI0qD18qycQx+mFykh5fBlto=
github.com/fsnotify/fsnotify v1.10.1 h1:b0/UzAf9yR5rhf3RPm9gf3ehBPpf0oZKIjtpKrx59Ho=
github.com/fsnotify/fsnotify v1.10.1/go.mod h1:TLheqan6HD6GBK6PrDWyDPBaEV8LspOxvPSjC+bVfgo=
github.com/google/pprof v0.0.0-20250317173921-a4b03ec1a45e h1:ijClszYn+mADRFY17kjQEVQ1XRhq2/JR1M3sGqeJoxs=
github.com/google/pprof v0.0.0-20250317173921-a4b03ec1a45e/go.mod h1:boTsfXsheKC2y+lKOCMpSfarhxDeIzfZG1jqGcPl3cA=
github.com/google/uuid v1.6.0 h1:NIvaJDMOsjHA8n1jAhLSgzrAzy1Hgr+hNrb57e+94F0=
github.com/google/uuid v1.6.0/go.mod h1:TIyPZe4MgqvfeYDBFedMoGGpEw/LqOeaOT+nhxU+yHo=
github.com/hashicorp/golang-lru/v2 v2.0.7 h1:a+bsQ5rvGLjzHuww6tVxozPZFVghXaHOwFs4luLUK2k=
github.com/hashicorp/golang-lru/v2 v2.0.7/go.mod h1:QeFd9opnmA6QUJc5vARoKUSoFhyfM2/ZepoAG6RGpeM=
github.com/itchyny/gojq v0.12.19 h1:ttXA0XCLEMoaLOz5lSeFOZ6u6Q3QxmG46vfgI4O0DEs=
github.com/itchyny/gojq v0.12.19/go.mod h1:5galtVPDywX8SPSOrqjGxkBeDhSxEW1gSxoy7tn1iZY=
github.com/itchyny/timefmt-go v0.1.8 h1:1YEo1JvfXeAHKdjelbYr/uCuhkybaHCeTkH8Bo791OI=
github.com/itchyny/timefmt-go v0.1.8/go.mod h1:5E46Q+zj7vbTgWY8o5YkMeYb4I6GeWLFnetPy5oBrAI=
github.com/lib/pq v1.10.7 h1:p7ZhMD+KsSRozJr34udlUrhboJwWAgCg34+/ZZNvZZw=
github.com/lib/pq v1.10.7/go.mod h1:AlVN5x4E4T544tWzH6hKfbfQvm3HdbOxrmggDNAPY9o=
github.com/mattn/go-isatty v0.0.20 h1:xfD0iDuEKnDkl03q4limB+vH+GxLEtL/jb4xVJSWWEY=
github.com/mattn/go-isatty v0.0.20/go.mod h1:W+V8PltTTMOvKvAeJH7IuucS94S2C6jfK/D7dTCTo3Y=
github.com/ncruces/go-strftime v1.0.0 h1:HMFp8mLCTPp341M/ZnA4qaf7ZlsbTc+miZjCLOFAw7w=
github.com/ncruces/go-strftime v1.0.0/go.mod h1:Fwc5htZGVVkseilnfgOVb9mKy6w1naJmn9CehxcKcls=
github.com/ohler55/ojg v1.28.1 h1:Xy93DelhLSZNeWv8GPKtP6qMqkUlZlAxBP/AQcC5RfY=
github.com/ohler55/ojg v1.28.1/go.mod h1:/Y5dGWkekv9ocnUixuETqiL58f+5pAsUfg5P8e7Pa2o=
github.com/remyoudompheng/bigfft v0.0.0-20230129092748-24d4a6f8daec h1:W09IVJc94icq4NjY3clb7Lk8O1qJ8BdBEF8z0ibU0rE=
github.com/remyoudompheng/bigfft v0.0.0-20230129092748-24d4a6f8daec/go.mod h1:qqbHyh8v60DhA7CoWK5oRCqLrMHRGoxYCSS9EjAz6Eo=
github.com/rjrodger/aontu/go v0.1.6 h1:omkGZbBa8Z2Ybuc7TFwVFQ7TaegsfyDD3DwCJoIodcM=
github.com/rjrodger/aontu/go v0.1.6/go.mod h1:T0cG0YHd3e9IhZtSPcTz9bpiiRucAo15D4EoQ/TSSSY=
github.com/tabnas/abnf/go v0.2.3 h1:m7q8q/3Xnvo4NDiPc9FtOyO7OkD7M4tLGDxdMS3OEtY=
github.com/tabnas/abnf/go v0.2.3/go.mod h1:naJsWnPQL36c8k45/kOcCdUTXtRwcOVHiTko5iqhEo4=
github.com/tabnas/abnf/go v0.4.1 h1:OARJjx4Giu2gI9P2OFhNGNtEgbJvB+inoLWZ1LyA7No=
github.com/tabnas/abnf/go v0.4.1/go.mod h1:oWpVcT7SZU4VXI6hQAtioWHxQLW1NoIFftWSnbIgGAo=
github.com/tabnas/abnf/go v0.4.2 h1:QzMngl6/FQrZcnYpG2ew4Zurta/0UQydI/p+4O7CkpM=
github.com/tabnas/abnf/go v0.4.2/go.mod h1:h79T0XWJ15oRxcikvOxiZ/yPrAsce7o2bJZCUKgKveU=
github.com/tabnas/bnf/go v0.1.2 h1:sQ32VPZcTVv9FMkiEce+v3CkdxsEXmr8VIHMBKCxlYI=
github.com/tabnas/bnf/go v0.1.2/go.mod h1:/KxwA1EO3lS6EXQ+UZxaKejsk0dWOMYbl8K8VnQlSWY=
github.com/tabnas/csv/go v0.4.0 h1:RYswmQOMnrUSbuHBIaWUp+F8QxvATTEohc+C13SvkIE=
github.com/tabnas/csv/go v0.4.0/go.mod h1:DpvrcasIuTQSCkQ7h8B3jbVDrezmyzQI/d/D139zKkM=
github.com/tabnas/csv/go v0.5.1 h1:LbgFhwgvJeMbtW4iMDaUKdtrvTXZIg1BLBBYr45FRbc=
github.com/tabnas/csv/go v0.5.1/go.mod h1:/9fSkzPyC6Sx9s1OvF+lpZKLlyXmCyCNJk2PAk0J1fQ=
github.com/tabnas/csv/go v0.5.2 h1:RYhgyeKzNK16fq6csE5jBA3N/kctNoIVtxJkNNyyjvY=
github.com/tabnas/csv/go v0.5.2/go.mod h1:T7UA37HY5ZpCBQAeI94XshZnIcGBmoSym4pPMGsVrA0=
github.com/tabnas/debug/go v0.2.3 h1:cptiwHcHKw+lqtZuKp6gX7yY1NunJLS5PHD7ykVcIvM=
github.com/tabnas/debug/go v0.2.3/go.mod h1:EXSNFdN6Ct9pcAUk8ZGozNbIltb3Hw0wcne+5vWQyns=
github.com/tabnas/directive/go v0.4.0 h1:bsMH0fbquiCqQwTO0HXxEC5yIbQMdezDegFLou/lhRw=
github.com/tabnas/directive/go v0.4.0/go.mod h1:WecdzXhyTaUE9csGCIjKpZxF2lbXddlUwqrPNMEcE2U=
github.com/tabnas/directive/go v0.5.1 h1:rqdHLMJscaANEZOFWBcerJdbg/Hy3KDZduigu9DCYyU=
github.com/tabnas/directive/go v0.5.1/go.mod h1:591wq/dBp9JiHu+i2gNK47lwVEqLVwTptPJxXRFVqng=
github.com/tabnas/directive/go v0.5.2 h1:UrCo0Hgceu7h25KRpwIBdk1mp9xsoPdzmUqrtoz25iU=
github.com/tabnas/directive/go v0.5.2/go.mod h1:Bw5bXQ/j9GGgEC4oUSNaCYkd7JhCmvtwizRxB714CX0=
github.com/tabnas/expr/go v0.4.0 h1:AjVEjfLRcm0gFOE+V2/GvSniLLS4MeudTvoZSxulDro=
github.com/tabnas/expr/go v0.4.0/go.mod h1:6U6W9sAJx9AscDq5nWpe5Xh9XZwMd6GNdmeNwh60gxM=
github.com/tabnas/expr/go v0.5.1 h1:f93y3xdI6NYDS1oL+J/s5B5FcR3aU3xrQOVcjdEO5fo=
github.com/tabnas/expr/go v0.5.1/go.mod h1:oFUkK1jWy4aer268yqcPogNfdOOEMsZ3DJh95Xz6k8o=
github.com/tabnas/expr/go v0.5.2 h1:Pfb74XRFjlEE0zasJ1j8iyq/ysI06zdZyu4m0zAQrTI=
github.com/tabnas/expr/go v0.5.2/go.mod h1:XHtOL/RQLCJjPBVS4gokQudetb10nmIwIxRDooLezo8=
github.com/tabnas/feed/go v0.4.0 h1:QyZ+BuWkbYP+AjtCjyWju2aexM/howySp7nqZqBybZo=
github.com/tabnas/feed/go v0.4.0/go.mod h1:CQ/dwZ+HeLs7vlp/jLgV5IAYZvieNhqyAN5K/+zv8+4=
github.com/tabnas/feed/go v0.6.1 h1:5v2y0lbLVr2VwEdSXDyZoskfg/j/hJsuGmThZ5YFtqY=
github.com/tabnas/feed/go v0.6.1/go.mod h1:BQC7Ow8ESpfZr0NjRGTyPI/1jXPBlsuyMEWQVR1cOAE=
github.com/tabnas/feed/go v0.6.2 h1:xdszHC5XB1H+ABMuDAQd7sXwQQrLt4Fj9gIwjjG1DxY=
github.com/tabnas/feed/go v0.6.2/go.mod h1:mT/eX1qQ2d16S+QPybksVF4SgqvkgMeHPRYOebofMj4=
github.com/tabnas/hoover/go v0.2.1 h1:vfVAo4gyKRn/CqJY6rtiXKkDPd44OIMEkM8hMwaZMks=
github.com/tabnas/hoover/go v0.2.1/go.mod h1:VxArvRIzn04gdCfkLsiEpjPPooVk2TVhKEE1Lap7nM4=
github.com/tabnas/hoover/go v0.3.1 h1:xDhTLuhdopDPrnRQTaMfftTuiV7c88HVxIbSjEYi4O4=
github.com/tabnas/hoover/go v0.3.1/go.mod h1:RHRSfBJko/D+sJ6wmae4n6xuu8EAeacDXBKsao8jlP0=
github.com/tabnas/hoover/go v0.3.2 h1:DSuK/s4ckEjK1QcrPTRgRLvAI9FKwboTjfBfRrBWW5I=
github.com/tabnas/hoover/go v0.3.2/go.mod h1:2HK2VNyXoKDDosdrbSDoW1t3JeJiNsw5uHxf8iEe/00=
github.com/tabnas/ini/go v0.4.0 h1:AfHXKVyfU85tJ2OS4ulSmyrZJXV7tNMatqsOo9rPphk=
github.com/tabnas/ini/go v0.4.0/go.mod h1:m/jyCkbZtk7OTxX6CuxH2HTUOA07RZ9ZaUkrvoldhXY=
github.com/tabnas/ini/go v0.5.1 h1:8DgRH3zbgZbztoTiFq4N0hL/K1yKqTcTyOxnDfCA+f8=
github.com/tabnas/ini/go v0.5.1/go.mod h1:tD084+XqybHi0nERUjY1uZSo7Uxb+ByCOIHyiWFf4MQ=
github.com/tabnas/ini/go v0.5.2 h1:aJaFdL5WfAn+IsgGm7nTpP7XbfDPAm899Y7DmVspg7k=
github.com/tabnas/ini/go v0.5.2/go.mod h1:XYDW4f9/lvmg5EjUe7dET+UKGUN6VeomNBjXvcmDqG4=
github.com/tabnas/json/go v0.4.0 h1:1BxLHyCullkKXkvui/SuZ4s6OMrFVDuEB13IX/5S1eM=
github.com/tabnas/json/go v0.4.0/go.mod h1:MJzyziKcvZk3OZCaSDxhMdf/Wkq2UJ0uLGWFtp9zsJs=
github.com/tabnas/json/go v0.5.1 h1:LSEX0wsN5U9gof4rIHWc2QWMdZ1cTjn5RL/yJGYZRvs=
github.com/tabnas/json/go v0.5.1/go.mod h1:evsnxxipQkOQPGIzCuwGN7bn8jZ1bEXv9pP3iMORo+w=
github.com/tabnas/json/go v0.5.2 h1:w8MYJfnihZoHSuQQ/KmweuIaLX6ciUB71+/+2ovMhak=
github.com/tabnas/json/go v0.5.2/go.mod h1:/ANfNGFDbBBiTniNYf0CCY8H4rQF72rl+0z3n2tiyJ0=
github.com/tabnas/json5/go v0.4.0 h1:L6FrTPwN8+3bq7+LijC5Yw9XRbDAfTMSDpucqFbe5r4=
github.com/tabnas/json5/go v0.4.0/go.mod h1:DrV0jF1OYwJsnx2t7TXmebK/tnk9+iQ3pxR5qYN49os=
github.com/tabnas/json5/go v0.5.1 h1:rsQmZE4Gcq9WuN86Ht0/L32K7VmUY0KnR/DixuNoPl0=
github.com/tabnas/json5/go v0.5.1/go.mod h1:X9ru4NzwPvK7M1jH5gstCKygmifBpidkyjWV9ZgrJ0s=
github.com/tabnas/json5/go v0.5.2 h1:sXxdesfrr1lpLXYETbcivYkdqf2BJkeKCOz+toGGQq0=
github.com/tabnas/json5/go v0.5.2/go.mod h1:RMTCdCEEIbbHwFAjkYA7uqsyhuJQMDbl5DnmRiYI63w=
github.com/tabnas/jsonc/go v0.4.0 h1:sZbHbLGCtrJg58F9HwqIsIXgOQOj+SqpjynoYCWC8Lo=
github.com/tabnas/jsonc/go v0.4.0/go.mod h1:6FZTru2cJrTSLUcs9nTAOxeOLyNoNi5X24Cs92ZlkGM=
github.com/tabnas/jsonc/go v0.5.1 h1:GSOFfGtg9LOA8egyzK7SmrgGlgOprJcJEShyuhwk6bw=
github.com/tabnas/jsonc/go v0.5.1/go.mod h1:c8Q162voBqOcL68Lo/LUkwfey9vSo/QOGu0gSEYVF6U=
github.com/tabnas/jsonc/go v0.5.2 h1:JW/O3jZ9JzsP8Mx0VEC+7fwyeeC2SBIYphdFro7wq08=
github.com/tabnas/jsonc/go v0.5.2/go.mod h1:1Lc58t6NMtAp9k7yKi2KxdiV7n/qSGIc4iLLUh18KGU=
github.com/tabnas/jsonic/go v0.4.0 h1:y5k/P21C3q3jWaA+VxEhXxzZ8xJgpgAehMBEseDN31g=
github.com/tabnas/jsonic/go v0.4.0/go.mod h1:eDpkddhkuTFuIXMkSqTZl7cU7M23swbMpkXR1W5bApQ=
github.com/tabnas/jsonic/go v0.6.0 h1:FT0qJvh3NmqFYb/rRcsTC2rh2zGt8lt2vc2gITgCQ4U=
github.com/tabnas/jsonic/go v0.6.0/go.mod h1:D/jvwtI1DWkZZQSiZu1dX8ENa6hfTVlGbv2vsZVji14=
github.com/tabnas/jsonic/go v0.6.1 h1:Xqq9zWoC5qBBkH63Sjh59a7M3lhnNUURetZ0uPoGeiw=
github.com/tabnas/jsonic/go v0.6.1/go.mod h1:x5G7Aas9QfnjR24776Rs1DxZmFkn0hAuNEZ8iGsJeTE=
github.com/tabnas/jsonic/go v0.6.2 h1:G2L7jehqDuufNYndlA5er1Fca4GA73hrGw0mTl72TII=
github.com/tabnas/jsonic/go v0.6.2/go.mod h1:9vwTQuMl36cn6bJJJeDm4dhBE4livJItTqszyRsWECg=
github.com/tabnas/markdown/go v0.4.0 h1:IaUdqV3ELZCrcmZj4mLkAKIS+COEL8IUYMfQm0N/kBA=
github.com/tabnas/markdown/go v0.4.0/go.mod h1:EF15z5Cy8Ew8WUPebakY3qq66oCn7RfsOBxNlnhCKjg=
github.com/tabnas/markdown/go v0.6.1 h1:ZUNwJORyU+9MzDC4ltm5HbnJID/pFk6s2d6lG0rP2Z4=
github.com/tabnas/markdown/go v0.6.1/go.mod h1:GeYnKmg8YibjtPDSAw32NCYaURVxx6JOsjYHAy6o74E=
github.com/tabnas/markdown/go v0.6.2 h1:ifc6YAtIN4LcOu29FeCMcC5z8x9f5Z1EEPZ2v1L5CW4=
github.com/tabnas/markdown/go v0.6.2/go.mod h1:Ae9N4SAjtWDIyUi27JMesW/n4fDt141WVDQ5N8C6q3s=
github.com/tabnas/multisource/go v0.4.1 h1:0lTQisweP5Jkn6P2ErpsvVT5x0X3HxSn6macg3S76mQ=
github.com/tabnas/multisource/go v0.4.1/go.mod h1:XhSXflZ7wf9gDcoSDP/6rpfpeKdCpzAs7DsbCxV6nJw=
github.com/tabnas/multisource/go v0.5.1 h1:JbLIIIpkLeWQEfQX4hy+9ZWSC1x2cwbooslFqkIwHV8=
github.com/tabnas/multisource/go v0.5.1/go.mod h1:mae9ZJX+v/fnKsqPqJoVU40jYTHJQcl7AbBDGllys4g=
github.com/tabnas/multisource/go v0.5.2 h1:TTHe9iwnBPiDBT0qTlWDE1FQ2ppbHPA5L3dGTcbY8cc=
github.com/tabnas/multisource/go v0.5.2/go.mod h1:4kPGi4d7WRsAAz5y7EDCY5Tsagz4Y1CMZBItww/aeEY=
github.com/tabnas/parser/go v0.4.0 h1:M8+qRT4KaCtr4OCpg9NDNUXJIdbbweqeqbpEpVGNEqU=
github.com/tabnas/parser/go v0.4.0/go.mod h1:WrlfEVyZ1QjEIowWiyEu3K1iHj7wxuPut5zoH9Trehk=
github.com/tabnas/parser/go v0.8.0 h1:ej1Ei6yLFQp/bJ7dF+cUUTPZgEJ6ZnSBd2WEgot2J8k=
github.com/tabnas/parser/go v0.8.0/go.mod h1:WrlfEVyZ1QjEIowWiyEu3K1iHj7wxuPut5zoH9Trehk=
github.com/tabnas/parser/go v0.8.1 h1:cceJrsDycMX+HfmxuleCGi/rKIA+dH+/7rkAz8LN70A=
github.com/tabnas/parser/go v0.8.1/go.mod h1:WrlfEVyZ1QjEIowWiyEu3K1iHj7wxuPut5zoH9Trehk=
github.com/tabnas/parser/go v0.8.2 h1:WuM0U7HO/6zhezaF+6anmbIlb6YCPM3CLldsWA8lezQ=
github.com/tabnas/parser/go v0.8.2/go.mod h1:WrlfEVyZ1QjEIowWiyEu3K1iHj7wxuPut5zoH9Trehk=
github.com/tabnas/parser/go v0.8.3 h1:GnxbTs2D+lIxO8XN6FHSs+tnqgA/m+MpjIbRKVCQjT8=
github.com/tabnas/parser/go v0.8.3/go.mod h1:WrlfEVyZ1QjEIowWiyEu3K1iHj7wxuPut5zoH9Trehk=
github.com/tabnas/path/go v0.2.1 h1:KKarfyAS930cUoN3rpkp7zgNYzeRzp2pDzalUm312qw=
github.com/tabnas/path/go v0.2.1/go.mod h1:yA/69xogyv2auyRHORM2z4pm5Krg0anSsXxOirSzV5s=
github.com/tabnas/path/go v0.3.1 h1:Bn3bbcR6Z7qmyhWyt6ZiZRPkYQ5bzizT6aEmE7jWObc=
github.com/tabnas/path/go v0.3.1/go.mod h1:ZdFV2jFfjZFii4kzSrzGSc60wkeOmJtkhU9bUUG66DA=
github.com/tabnas/path/go v0.3.2 h1:Gxb1Ld3nN+LNrsk3gwz0zZ+rwwTQhBtbEjpOFfKYPUY=
github.com/tabnas/path/go v0.3.2/go.mod h1:5pBxNKXbc6KcqrAm9LzZdsLQ0u0MSRqKMnfQcRS+yoc=
github.com/tabnas/toml/go v0.4.0 h1:klSgBos2QKpYJMX8xb9mcThp15MT/IgItpMKaTO5fWA=
github.com/tabnas/toml/go v0.4.0/go.mod h1:PPuhPgJkLXtco7e2Bnz31ADom3XT04p4q7GTvOgQcFc=
github.com/tabnas/toml/go v0.5.1 h1:h/G4K9G977k0pPb5Me/fVaCuvRtd0HiB7aR5TUUfbpo=
github.com/tabnas/toml/go v0.5.1/go.mod h1:inr7asjKO6brp5Et/LnyS+A1TJAWx2bHZLeNwY94kZA=
github.com/tabnas/toml/go v0.5.2 h1:pVHpB9n0LbhL+fVgYFufR60We8WPSsFa1igYQvSYW+A=
github.com/tabnas/toml/go v0.5.2/go.mod h1:20TaJT7RFyVG3PYWtIMUyDTrdVYO9EhKGOAyqMYeEUo=
github.com/tabnas/xml/go v0.4.0 h1:ru0IZsZqxxLdTDLpMBs0+c66kwtHhPlSXlacb3mma00=
github.com/tabnas/xml/go v0.4.0/go.mod h1:RKH0EL9HEWJy88Ls4ccxHWa4cdwPezPN2BAIc68iTp0=
github.com/tabnas/xml/go v0.7.1 h1:9djvyIyCp4NSMgQ/+ZzrQ/iF9IApz34cwmaQWOEjMa8=
github.com/tabnas/xml/go v0.7.1/go.mod h1:L3mZzaseVzyFb1CK1qzxw1FbA2RIdixWY0DtXWBiVIY=
github.com/tabnas/xml/go v0.7.2 h1:H8MKZHgfzJCeHeFyZHQ8kCxvd3UrPtTXwYDSkJD+dAg=
github.com/tabnas/xml/go v0.7.2/go.mod h1:J7dGR/P9tbhpDb6WGGQfs0tJZvArQC1DbyA2OSwqDnw=
github.com/tabnas/yaml/go v0.4.0 h1:vDEUf+xm2yiO58T5rbcqnrXB0o2wmX6aFwM/bCSrldI=
github.com/tabnas/yaml/go v0.4.0/go.mod h1:44nh3ggpxqFGhRWDAd12aU0BvBxYiu/ZtQuOpWhywvE=
github.com/tabnas/yaml/go v0.5.1 h1:3zhBfmeplY2JkLWBZ2F7xF4d6hwov0asegj8ELg0icM=
github.com/tabnas/yaml/go v0.5.1/go.mod h1:czjErvqMJxQvQbY4IjMsD7DbhcUP0IeK54VhE9ulp6Q=
github.com/tabnas/yaml/go v0.5.2 h1:xZJeO92GEYZLqfDeQUyCw/4WQP76MLlK6iebFxR06yM=
github.com/tabnas/yaml/go v0.5.2/go.mod h1:AW5tXH5YB2xuvTGnJBjIwSi/NDOg6+pMFqkjqu/GDo4=
github.com/tabnas/zon/go v0.4.0 h1:248iyH9II2aEwdHx2o4Z9lWu8iTDrNg36ZCcO5GGtDU=
github.com/tabnas/zon/go v0.4.0/go.mod h1:UgCj1zrbacnYL6hamAe3emaISm+mfqnM2WmQmehsVgw=
github.com/tabnas/zon/go v0.5.1 h1:zx49Be4JoY186bww2lpHUqevaJ7CDnba+rkFFOmDvTs=
github.com/tabnas/zon/go v0.5.1/go.mod h1:Bg8I5tXazTo+2CtR374iKQkJ5qBfG1dSvw9bkr0s4H8=
github.com/tabnas/zon/go v0.5.2 h1:Fo6S8Dnxk7CcMyZvKu94gLKr67qU1zACCKn8PYtQ7MU=
github.com/tabnas/zon/go v0.5.2/go.mod h1:/p5M2Cv1+4r9v3QMrglI/G4mQpjL9Dng6fCLDSszgDc=
github.com/voxgig/model/go v0.1.3-0.20260622172642-ee04212555c1 h1:Jx8KGNN/S/04FTjrTq83Tk4mTQJ76uq4HQgGFNL+T94=
github.com/voxgig/model/go v0.1.3-0.20260622172642-ee04212555c1/go.mod h1:lJyMYBZXJJWf5pHFYRORu6g3t04eCZUViOzlpFgeqek=
github.com/voxgig/struct/go v0.1.2 h1:/3Ay+oFjYBpiVMWd/OKaAPF07TV0A5nLanlV/vfft9E=
github.com/voxgig/struct/go v0.1.2/go.mod h1:vcbv/BI8QZg8wp2x1kohHNC79WaMwyH5JqskOLgjk3Q=
github.com/voxgig/udk/go v0.1.2 h1:8KpnFa4Ng4FZ/UOTiFNDln7ghhpub7KEdqExei9VzWk=
github.com/voxgig/udk/go v0.1.2/go.mod h1:vgByiYA22B5e2cdZBAiW0NBhF7/p1dTqWfGWuQfUf7E=
golang.org/x/exp v0.0.0-20251023183803-a4bb9ffd2546 h1:mgKeJMpvi0yx/sU5GsxQ7p6s2wtOnGAHZWCHUM4KGzY=
golang.org/x/exp v0.0.0-20251023183803-a4bb9ffd2546/go.mod h1:j/pmGrbnkbPtQfxEe5D0VQhZC6qKbfKifgD0oM7sR70=
golang.org/x/mod v0.29.0 h1:HV8lRxZC4l2cr3Zq1LvtOsi/ThTgWnUk/y64QSs8GwA=
golang.org/x/mod v0.29.0/go.mod h1:NyhrlYXJ2H4eJiRy/WDBO6HMqZQ6q9nk4JzS3NuCK+w=
golang.org/x/sync v0.17.0 h1:l60nONMj9l5drqw6jlhIELNv9I0A4OFgRsG9k2oT9Ug=
golang.org/x/sync v0.17.0/go.mod h1:9KTHXmSnoGruLpwFjVSX0lNNA75CykiMECbovNTZqGI=
golang.org/x/sys v0.6.0/go.mod h1:oPkhp1MJrh7nUepCBck5+mAzfO9JrbApNNgaTdGDITg=
golang.org/x/sys v0.38.0 h1:3yZWxaJjBmCWXqhN1qh02AkOnCQ1poK6oF+a7xWL6Gc=
golang.org/x/sys v0.38.0/go.mod h1:OgkHotnGiDImocRcuBABYBEXf8A9a87e/uXjp9XT3ks=
golang.org/x/term v0.36.0 h1:zMPR+aF8gfksFprF/Nc/rd1wRS1EI6nDBGyWAvDzx2Q=
golang.org/x/term v0.36.0/go.mod h1:Qu394IJq6V6dCBRgwqshf3mPF85AqzYEzofzRdZkWss=
golang.org/x/text v0.21.0 h1:zyQAAkrwaneQ066sspRyJaG9VNi/YJ1NfzcGB3hZ/qo=
golang.org/x/text v0.21.0/go.mod h1:4IBbMaMmOPCJ8SecivzSH54+73PCFmPWxNTLm+vZkEQ=
golang.org/x/tools v0.38.0 h1:Hx2Xv8hISq8Lm16jvBZ2VQf+RLmbd7wVUsALibYI/IQ=
golang.org/x/tools v0.38.0/go.mod h1:yEsQ/d/YK8cjh0L6rZlY8tgtlKiBNTL14pGDJPJpYQs=
modernc.org/cc/v4 v4.27.1 h1:9W30zRlYrefrDV2JE2O8VDtJ1yPGownxciz5rrbQZis=
modernc.org/cc/v4 v4.27.1/go.mod h1:uVtb5OGqUKpoLWhqwNQo/8LwvoiEBLvZXIQ/SmO6mL0=
modernc.org/ccgo/v4 v4.30.1 h1:4r4U1J6Fhj98NKfSjnPUN7Ze2c6MnAdL0hWw6+LrJpc=
modernc.org/ccgo/v4 v4.30.1/go.mod h1:bIOeI1JL54Utlxn+LwrFyjCx2n2RDiYEaJVSrgdrRfM=
modernc.org/fileutil v1.3.40 h1:ZGMswMNc9JOCrcrakF1HrvmergNLAmxOPjizirpfqBA=
modernc.org/fileutil v1.3.40/go.mod h1:HxmghZSZVAz/LXcMNwZPA/DRrQZEVP9VX0V4LQGQFOc=
modernc.org/gc/v2 v2.6.5 h1:nyqdV8q46KvTpZlsw66kWqwXRHdjIlJOhG6kxiV/9xI=
modernc.org/gc/v2 v2.6.5/go.mod h1:YgIahr1ypgfe7chRuJi2gD7DBQiKSLMPgBQe9oIiito=
modernc.org/gc/v3 v3.1.1 h1:k8T3gkXWY9sEiytKhcgyiZ2L0DTyCQ/nvX+LoCljoRE=
modernc.org/gc/v3 v3.1.1/go.mod h1:HFK/6AGESC7Ex+EZJhJ2Gni6cTaYpSMmU/cT9RmlfYY=
modernc.org/goabi0 v0.2.0 h1:HvEowk7LxcPd0eq6mVOAEMai46V+i7Jrj13t4AzuNks=
modernc.org/goabi0 v0.2.0/go.mod h1:CEFRnnJhKvWT1c1JTI3Avm+tgOWbkOu5oPA8eH8LnMI=
modernc.org/libc v1.67.6 h1:eVOQvpModVLKOdT+LvBPjdQqfrZq+pC39BygcT+E7OI=
modernc.org/libc v1.67.6/go.mod h1:JAhxUVlolfYDErnwiqaLvUqc8nfb2r6S6slAgZOnaiE=
modernc.org/mathutil v1.7.1 h1:GCZVGXdaN8gTqB1Mf/usp1Y/hSqgI2vAGGP4jZMCxOU=
modernc.org/mathutil v1.7.1/go.mod h1:4p5IwJITfppl0G4sUEDtCr4DthTaT47/N3aT6MhfgJg=
modernc.org/memory v1.11.0 h1:o4QC8aMQzmcwCK3t3Ux/ZHmwFPzE6hf2Y5LbkRs+hbI=
modernc.org/memory v1.11.0/go.mod h1:/JP4VbVC+K5sU2wZi9bHoq2MAkCnrt2r98UGeSK7Mjw=
modernc.org/opt v0.1.4 h1:2kNGMRiUjrp4LcaPuLY2PzUfqM/w9N23quVwhKt5Qm8=
modernc.org/opt v0.1.4/go.mod h1:03fq9lsNfvkYSfxrfUhZCWPk1lm4cq4N+Bh//bEtgns=
modernc.org/sortutil v1.2.1 h1:+xyoGf15mM3NMlPDnFqrteY07klSFxLElE2PVuWIJ7w=
modernc.org/sortutil v1.2.1/go.mod h1:7ZI3a3REbai7gzCLcotuw9AC4VZVpYMjDzETGsSMqJE=
modernc.org/sqlite v1.46.1 h1:eFJ2ShBLIEnUWlLy12raN0Z1plqmFX9Qe3rjQTKt6sU=
modernc.org/sqlite v1.46.1/go.mod h1:CzbrU2lSB1DKUusvwGz7rqEKIq+NUd8GWuBBZDs9/nA=
modernc.org/strutil v1.2.1 h1:UneZBkQA+DX2Rp35KcM69cSsNES9ly8mQWD71HKlOA0=
modernc.org/strutil v1.2.1/go.mod h1:EHkiggD70koQxjVdSBM3JKM7k6L0FbGE5eymy9i3B9A=
modernc.org/token v1.1.0 h1:Xl7Ap9dKaEs5kLoOQeQmPWevfnk/DM5qcLcYlA8ys6Y=
modernc.org/token v1.1.0/go.mod h1:UGzOrNV1mAFSEB63lOFHIpNRUVMvYTc6yu1SMY/XTDM=
